
Microsoft Visual Studio Solution File, Format Version 11.00
# Visual Studio 2010
Project("{FAE04EC0-301F-11D3-BF4B-00C04F79EFBC}") = "Assembly-CSharp", "Assembly-CSharp.csproj", "{bf1ae51c-55d2-86ed-da0c-558d6eb7c3a5}"
EndProject
Project("{FAE04EC0-301F-11D3-BF4B-00C04F79EFBC}") = "Assembly-CSharp-Editor", "Assembly-CSharp-Editor.csproj", "{a438e26f-0a80-5e27-2011-5c5e24c52a25}"
EndProject
Global
	GlobalSection(SolutionConfigurationPlatforms) = preSolution
		Debug|Any CPU = Debug|Any CPU
	EndGlobalSection
	GlobalSection(ProjectConfigurationPlatforms) = postSolution
		{bf1ae51c-55d2-86ed-da0c-558d6eb7c3a5}.Debug|Any CPU.ActiveCfg = Debug|Any CPU
		{bf1ae51c-55d2-86ed-da0c-558d6eb7c3a5}.Debug|Any CPU.Build.0 = Debug|Any CPU
		{a438e26f-0a80-5e27-2011-5c5e24c52a25}.Debug|Any CPU.ActiveCfg = Debug|Any CPU
		{a438e26f-0a80-5e27-2011-5c5e24c52a25}.Debug|Any CPU.Build.0 = Debug|Any CPU
	EndGlobalSection
	GlobalSection(SolutionProperties) = preSolution
		HideSolutionNode = FALSE
	EndGlobalSection
EndGlobal
